
Microsoft Visual Studio Solution File, Format Version 12.00
# Visual Studio Version 17
VisualStudioVersion = 17.5.33414.496
MinimumVisualStudioVersion = 10.0.40219.1
Project("{FAE04EC0-301F-11D3-BF4B-00C04F79EFBC}") = "BlogDataLibrary", "BlogDataLibrary\BlogDataLibrary.csproj", "{B17E782A-4F6B-4B36-8219-A1E5BD24D31B}"
EndProject
Project("{00D1A9C2-B5F0-4AF3-8072-F6C62B433612}") = "GomezBlogDB", "GomezBlogDB\GomezBlogDB.sqlproj", "{4BDF5B79-24B6-44E0-AF07-86B23D148B89}"
EndProject
Project("{FAE04EC0-301F-11D3-BF4B-00C04F79EFBC}") = "BlogTestUI", "BlogTestUI\BlogTestUI.csproj", "{E76D630B-AB9B-4492-B472-3B0AEE2FB6C0}"
EndProject
Global
	GlobalSection(SolutionConfigurationPlatforms) = preSolution
		Debug|Any CPU = Debug|Any CPU
		Release|Any CPU = Release|Any CPU
	EndGlobalSection
	GlobalSection(ProjectConfigurationPlatforms) = postSolution
		{B17E782A-4F6B-4B36-8219-A1E5BD24D31B}.Debug|Any CPU.ActiveCfg = Debug|Any CPU
		{B17E782A-4F6B-4B36-8219-A1E5BD24D31B}.Debug|Any CPU.Build.0 = Debug|Any CPU
		{B17E782A-4F6B-4B36-8219-A1E5BD24D31B}.Release|Any CPU.ActiveCfg = Release|Any CPU
		{B17E782A-4F6B-4B36-8219-A1E5BD24D31B}.Release|Any CPU.Build.0 = Release|Any CPU
		{4BDF5B79-24B6-44E0-AF07-86B23D148B89}.Debug|Any CPU.ActiveCfg = Debug|Any CPU
		{4BDF5B79-24B6-44E0-AF07-86B23D148B89}.Debug|Any CPU.Build.0 = Debug|Any CPU
		{4BDF5B79-24B6-44E0-AF07-86B23D148B89}.Debug|Any CPU.Deploy.0 = Debug|Any CPU
		{4BDF5B79-24B6-44E0-AF07-86B23D148B89}.Release|Any CPU.ActiveCfg = Release|Any CPU
		{4BDF5B79-24B6-44E0-AF07-86B23D148B89}.Release|Any CPU.Build.0 = Release|Any CPU
		{4BDF5B79-24B6-44E0-AF07-86B23D148B89}.Release|Any CPU.Deploy.0 = Release|Any CPU
		{E76D630B-AB9B-4492-B472-3B0AEE2FB6C0}.Debug|Any CPU.ActiveCfg = Debug|Any CPU
		{E76D630B-AB9B-4492-B472-3B0AEE2FB6C0}.Debug|Any CPU.Build.0 = Debug|Any CPU
		{E76D630B-AB9B-4492-B472-3B0AEE2FB6C0}.Release|Any CPU.ActiveCfg = Release|Any CPU
		{E76D630B-AB9B-4492-B472-3B0AEE2FB6C0}.Release|Any CPU.Build.0 = Release|Any CPU
	EndGlobalSection
	GlobalSection(SolutionProperties) = preSolution
		HideSolutionNode = FALSE
	EndGlobalSection
	GlobalSection(ExtensibilityGlobals) = postSolution
		SolutionGuid = {D291BFB3-CBBF-4CB4-89C8-8968CB29FB5A}
	EndGlobalSection
EndGlobal
